
Microsoft Visual Studio Solution File, Format Version 12.00
# Visual Studio Version 17
VisualStudioVersion = 17.13.35931.197 d17.13
MinimumVisualStudioVersion = 10.0.40219.1
Project("{FAE04EC0-301F-11D3-BF4B-00C04F79EFBC}") = "LibraryDesktop", "LibraryDesktop\LibraryDesktop.csproj", "{C16F4EBA-A869-4511-AF29-5A0AF86109E4}"
EndProject
Global
	GlobalSection(SolutionConfigurationPlatforms) = preSolution
		Debug|Any CPU = Debug|Any CPU
		Release|Any CPU = Release|Any CPU
	EndGlobalSection
	GlobalSection(ProjectConfigurationPlatforms) = postSolution
		{C16F4EBA-A869-4511-AF29-5A0AF86109E4}.Debug|Any CPU.ActiveCfg = Debug|Any CPU
		{C16F4EBA-A869-4511-AF29-5A0AF86109E4}.Debug|Any CPU.Build.0 = Debug|Any CPU
		{C16F4EBA-A869-4511-AF29-5A0AF86109E4}.Release|Any CPU.ActiveCfg = Release|Any CPU
		{C16F4EBA-A869-4511-AF29-5A0AF86109E4}.Release|Any CPU.Build.0 = Release|Any CPU
	EndGlobalSection
	GlobalSection(SolutionProperties) = preSolution
		HideSolutionNode = FALSE
	EndGlobalSection
	GlobalSection(ExtensibilityGlobals) = postSolution
		SolutionGuid = {FDFA3271-A66B-416D-98D4-80C62DB3294E}
	EndGlobalSection
EndGlobal
